
Microsoft Visual Studio Solution File, Format Version 12.00
# Visual Studio 14
VisualStudioVersion = 14.0.25420.1
MinimumVisualStudioVersion = 10.0.40219.1
Project("{FAE04EC0-301F-11D3-BF4B-00C04F79EFBC}") = "MvcAppWithAuth", "MvcAppWithAuth\MvcAppWithAuth.csproj", "{D08D9166-E8D7-471D-A998-A15E481C8FC8}"
EndProject
Project("{FAE04EC0-301F-11D3-BF4B-00C04F79EFBC}") = "MvcAppEmpty", "MvcAppEmpty\MvcAppEmpty.csproj", "{CD891C7A-05A6-456C-B460-722C3A771E20}"
EndProject
Global
	GlobalSection(SolutionConfigurationPlatforms) = preSolution
		Debug|Any CPU = Debug|Any CPU
		Release|Any CPU = Release|Any CPU
	EndGlobalSection
	GlobalSection(ProjectConfigurationPlatforms) = postSolution
		{D08D9166-E8D7-471D-A998-A15E481C8FC8}.Debug|Any CPU.ActiveCfg = Debug|Any CPU
		{D08D9166-E8D7-471D-A998-A15E481C8FC8}.Debug|Any CPU.Build.0 = Debug|Any CPU
		{D08D9166-E8D7-471D-A998-A15E481C8FC8}.Release|Any CPU.ActiveCfg = Release|Any CPU
		{D08D9166-E8D7-471D-A998-A15E481C8FC8}.Release|Any CPU.Build.0 = Release|Any CPU
		{CD891C7A-05A6-456C-B460-722C3A771E20}.Debug|Any CPU.ActiveCfg = Debug|Any CPU
		{CD891C7A-05A6-456C-B460-722C3A771E20}.Debug|Any CPU.Build.0 = Debug|Any CPU
		{CD891C7A-05A6-456C-B460-722C3A771E20}.Release|Any CPU.ActiveCfg = Release|Any CPU
		{CD891C7A-05A6-456C-B460-722C3A771E20}.Release|Any CPU.Build.0 = Release|Any CPU
	EndGlobalSection
	GlobalSection(SolutionProperties) = preSolution
		HideSolutionNode = FALSE
	EndGlobalSection
EndGlobal
